// !$*UTF8*$!
{
	archiveVersion = 1;
	classes = {
	};
	objectVersion = 56;
	objects = {

/* Begin PBXBuildFile section */
		3A372B922AB34A5200954057 /* AppDelegate.swift in Sources */ = {isa = PBXBuildFile; fileRef = 3A372B912AB34A5200954057 /* AppDelegate.swift */; };
		3A372B942AB34A5200954057 /* SceneDelegate.swift in Sources */ = {isa = PBXBuildFile; fileRef = 3A372B932AB34A5200954057 /* SceneDelegate.swift */; };
		3A372B992AB34A5200954057 /* Main.storyboard in Resources */ = {isa = PBXBuildFile; fileRef = 3A372B972AB34A5200954057 /* Main.storyboard */; };
		3A372B9B2AB34A5400954057 /* Assets.xcassets in Resources */ = {isa = PBXBuildFile; fileRef = 3A372B9A2AB34A5400954057 /* Assets.xcassets */; };
		3A372B9E2AB34A5400954057 /* LaunchScreen.storyboard in Resources */ = {isa = PBXBuildFile; fileRef = 3A372B9C2AB34A5400954057 /* LaunchScreen.storyboard */; };
		3A372BB02AB3528A00954057 /* Rakhim - Синий Lamborghini.mp3 in Resources */ = {isa = PBXBuildFile; fileRef = 3A372BAA2AB3528A00954057 /* Rakhim - Синий Lamborghini.mp3 */; };
		3A372BB12AB3528A00954057 /* Ваня Дмитриенко - Венера-Юпитер.mp3 in Resources */ = {isa = PBXBuildFile; fileRef = 3A372BAB2AB3528A00954057 /* Ваня Дмитриенко - Венера-Юпитер.mp3 */; };
		3A372BB22AB3528A00954057 /* Rauf & Faik, NILETTO - Если тебе будет грустно.mp3 in Resources */ = {isa = PBXBuildFile; fileRef = 3A372BAC2AB3528A00954057 /* Rauf & Faik, NILETTO - Если тебе будет грустно.mp3 */; };
		3A372BB32AB3528A00954057 /* Нурминский - Валим.mov in Resources */ = {isa = PBXBuildFile; fileRef = 3A372BAD2AB3528A00954057 /* Нурминский - Валим.mov */; };
		3A372BB42AB3528A00954057 /* Rasa - Под фонарём.mp3 in Resources */ = {isa = PBXBuildFile; fileRef = 3A372BAE2AB3528A00954057 /* Rasa - Под фонарём.mp3 */; };
		3A372BB52AB3528A00954057 /* Нурминский - Валим.mp3 in Resources */ = {isa = PBXBuildFile; fileRef = 3A372BAF2AB3528A00954057 /* Нурминский - Валим.mp3 */; };
		3A372BB82AB3534400954057 /* TrackListTableViewController.swift in Sources */ = {isa = PBXBuildFile; fileRef = 3A372BB72AB3534400954057 /* TrackListTableViewController.swift */; };
		3A372BBB2AB35BEA00954057 /* Track.swift in Sources */ = {isa = PBXBuildFile; fileRef = 3A372BBA2AB35BEA00954057 /* Track.swift */; };
		3A372BBE2AB35C8500954057 /* DataSource.swift in Sources */ = {isa = PBXBuildFile; fileRef = 3A372BBD2AB35C8500954057 /* DataSource.swift */; };
		3AAA67FF2AC0504B00E14684 /* PlayTrackViewController.swift in Sources */ = {isa = PBXBuildFile; fileRef = 3AAA67FE2AC0504B00E14684 /* PlayTrackViewController.swift */; };
/* End PBXBuildFile section */

/* Begin PBXFileReference section */
		3A372B8E2AB34A5200954057 /* PlayerApp.app */ = {isa = PBXFileReference; explicitFileType = wrapper.application; includeInIndex = 0; path = PlayerApp.app; sourceTree = BUILT_PRODUCTS_DIR; };
		3A372B912AB34A5200954057 /* AppDelegate.swift */ = {isa = PBXFileReference; lastKnownFileType = sourcecode.swift; path = AppDelegate.swift; sourceTree = "<group>"; };
		3A372B932AB34A5200954057 /* SceneDelegate.swift */ = {isa = PBXFileReference; lastKnownFileType = sourcecode.swift; path = SceneDelegate.swift; sourceTree = "<group>"; };
		3A372B982AB34A5200954057 /* Base */ = {isa = PBXFileReference; lastKnownFileType = file.storyboard; name = Base; path = Base.lproj/Main.storyboard; sourceTree = "<group>"; };
		3A372B9A2AB34A5400954057 /* Assets.xcassets */ = {isa = PBXFileReference; lastKnownFileType = folder.assetcatalog; path = Assets.xcassets; sourceTree = "<group>"; };
		3A372B9D2AB34A5400954057 /* Base */ = {isa = PBXFileReference; lastKnownFileType = file.storyboard; name = Base; path = Base.lproj/LaunchScreen.storyboard; sourceTree = "<group>"; };
		3A372B9F2AB34A5400954057 /* Info.plist */ = {isa = PBXFileReference; lastKnownFileType = text.plist.xml; path = Info.plist; sourceTree = "<group>"; };
		3A372BAA2AB3528A00954057 /* Rakhim - Синий Lamborghini.mp3 */ = {isa = PBXFileReference; lastKnownFileType = audio.mp3; path = "Rakhim - Синий Lamborghini.mp3"; sourceTree = "<group>"; };
		3A372BAB2AB3528A00954057 /* Ваня Дмитриенко - Венера-Юпитер.mp3 */ = {isa = PBXFileReference; lastKnownFileType = audio.mp3; path = "Ваня Дмитриенко - Венера-Юпитер.mp3"; sourceTree = "<group>"; };
		3A372BAC2AB3528A00954057 /* Rauf & Faik, NILETTO - Если тебе будет грустно.mp3 */ = {isa = PBXFileReference; lastKnownFileType = audio.mp3; path = "Rauf & Faik, NILETTO - Если тебе будет грустно.mp3"; sourceTree = "<group>"; };
		3A372BAD2AB3528A00954057 /* Нурминский - Валим.mov */ = {isa = PBXFileReference; lastKnownFileType = video.quicktime; path = "Нурминский - Валим.mov"; sourceTree = "<group>"; };
		3A372BAE2AB3528A00954057 /* Rasa - Под фонарём.mp3 */ = {isa = PBXFileReference; lastKnownFileType = audio.mp3; path = "Rasa - Под фонарём.mp3"; sourceTree = "<group>"; };
		3A372BAF2AB3528A00954057 /* Нурминский - Валим.mp3 */ = {isa = PBXFileReference; lastKnownFileType = audio.mp3; path = "Нурминский - Валим.mp3"; sourceTree = "<group>"; };
		3A372BB72AB3534400954057 /* TrackListTableViewController.swift */ = {isa = PBXFileReference; lastKnownFileType = sourcecode.swift; path = TrackListTableViewController.swift; sourceTree = "<group>"; };
		3A372BBA2AB35BEA00954057 /* Track.swift */ = {isa = PBXFileReference; lastKnownFileType = sourcecode.swift; path = Track.swift; sourceTree = "<group>"; };
		3A372BBD2AB35C8500954057 /* DataSource.swift */ = {isa = PBXFileReference; lastKnownFileType = sourcecode.swift; path = DataSource.swift; sourceTree = "<group>"; };
		3AAA67FE2AC0504B00E14684 /* PlayTrackViewController.swift */ = {isa = PBXFileReference; lastKnownFileType = sourcecode.swift; path = PlayTrackViewController.swift; sourceTree = "<group>"; };
/* End PBXFileReference section */

/* Begin PBXFrameworksBuildPhase section */
		3A372B8B2AB34A5200954057 /* Frameworks */ = {
			isa = PBXFrameworksBuildPhase;
			buildActionMask = 2147483647;
			files = (
			);
			runOnlyForDeploymentPostprocessing = 0;
		};
/* End PBXFrameworksBuildPhase section */

/* Begin PBXGroup section */
		3A372B852AB34A5200954057 = {
			isa = PBXGroup;
			children = (
				3A372B902AB34A5200954057 /* PlayerApp */,
				3A372B8F2AB34A5200954057 /* Products */,
			);
			sourceTree = "<group>";
		};
		3A372B8F2AB34A5200954057 /* Products */ = {
			isa = PBXGroup;
			children = (
				3A372B8E2AB34A5200954057 /* PlayerApp.app */,
			);
			name = Products;
			sourceTree = "<group>";
		};
		3A372B902AB34A5200954057 /* PlayerApp */ = {
			isa = PBXGroup;
			children = (
				3A372BBC2AB35C6900954057 /* DataServices */,
				3A372BB92AB35BAE00954057 /* Models */,
				3A372BA92AB3528A00954057 /* Media */,
				3A372BA62AB3514A00954057 /* Controllers */,
				3A372BA52AB3513E00954057 /* Views */,
				3A372BA82AB351B400954057 /* App */,
				3A372BA72AB3518F00954057 /* SupportFiles */,
			);
			path = PlayerApp;
			sourceTree = "<group>";
		};
		3A372BA52AB3513E00954057 /* Views */ = {
			isa = PBXGroup;
			children = (
				3A372B972AB34A5200954057 /* Main.storyboard */,
				3A372B9C2AB34A5400954057 /* LaunchScreen.storyboard */,
			);
			path = Views;
			sourceTree = "<group>";
		};
		3A372BA62AB3514A00954057 /* Controllers */ = {
			isa = PBXGroup;
			children = (
				3A372BB72AB3534400954057 /* TrackListTableViewController.swift */,
				3AAA67FE2AC0504B00E14684 /* PlayTrackViewController.swift */,
			);
			path = Controllers;
			sourceTree = "<group>";
		};
		3A372BA72AB3518F00954057 /* SupportFiles */ = {
			isa = PBXGroup;
			children = (
				3A372B9A2AB34A5400954057 /* Assets.xcassets */,
				3A372B9F2AB34A5400954057 /* Info.plist */,
			);
			path = SupportFiles;
			sourceTree = "<group>";
		};
		3A372BA82AB351B400954057 /* App */ = {
			isa = PBXGroup;
			children = (
				3A372B912AB34A5200954057 /* AppDelegate.swift */,
				3A372B932AB34A5200954057 /* SceneDelegate.swift */,
			);
			path = App;
			sourceTree = "<group>";
		};
		3A372BA92AB3528A00954057 /* Media */ = {
			isa = PBXGroup;
			children = (
				3A372BAD2AB3528A00954057 /* Нурминский - Валим.mov */,
				3A372BAA2AB3528A00954057 /* Rakhim - Синий Lamborghini.mp3 */,
				3A372BAB2AB3528A00954057 /* Ваня Дмитриенко - Венера-Юпитер.mp3 */,
				3A372BAC2AB3528A00954057 /* Rauf & Faik, NILETTO - Если тебе будет грустно.mp3 */,
				3A372BAE2AB3528A00954057 /* Rasa - Под фонарём.mp3 */,
				3A372BAF2AB3528A00954057 /* Нурминский - Валим.mp3 */,
			);
			path = Media;
			sourceTree = "<group>";
		};
		3A372BB92AB35BAE00954057 /* Models */ = {
			isa = PBXGroup;
			children = (
				3A372BBA2AB35BEA00954057 /* Track.swift */,
			);
			path = Models;
			sourceTree = "<group>";
		};
		3A372BBC2AB35C6900954057 /* DataServices */ = {
			isa = PBXGroup;
			children = (
				3A372BBD2AB35C8500954057 /* DataSource.swift */,
			);
			path = DataServices;
			sourceTree = "<group>";
		};
/* End PBXGroup section */

/* Begin PBXNativeTarget section */
		3A372B8D2AB34A5200954057 /* PlayerApp */ = {
			isa = PBXNativeTarget;
			buildConfigurationList = 3A372BA22AB34A5400954057 /* Build configuration list for PBXNativeTarget "PlayerApp" */;
			buildPhases = (
				3A372B8A2AB34A5200954057 /* Sources */,
				3A372B8B2AB34A5200954057 /* Frameworks */,
				3A372B8C2AB34A5200954057 /* Resources */,
			);
			buildRules = (
			);
			dependencies = (
			);
			name = PlayerApp;
			productName = PlayerApp;
			productReference = 3A372B8E2AB34A5200954057 /* PlayerApp.app */;
			productType = "com.apple.product-type.application";
		};
/* End PBXNativeTarget section */

/* Begin PBXProject section */
		3A372B862AB34A5200954057 /* Project object */ = {
			isa = PBXProject;
			attributes = {
				BuildIndependentTargetsInParallel = 1;
				LastSwiftUpdateCheck = 1430;
				LastUpgradeCheck = 1430;
				TargetAttributes = {
					3A372B8D2AB34A5200954057 = {
						CreatedOnToolsVersion = 14.3.1;
					};
				};
			};
			buildConfigurationList = 3A372B892AB34A5200954057 /* Build configuration list for PBXProject "PlayerApp" */;
			compatibilityVersion = "Xcode 14.0";
			developmentRegion = en;
			hasScannedForEncodings = 0;
			knownRegions = (
				en,
				Base,
			);
			mainGroup = 3A372B852AB34A5200954057;
			productRefGroup = 3A372B8F2AB34A5200954057 /* Products */;
			projectDirPath = "";
			projectRoot = "";
			targets = (
				3A372B8D2AB34A5200954057 /* PlayerApp */,
			);
		};
/* End PBXProject section */

/* Begin PBXResourcesBuildPhase section */
		3A372B8C2AB34A5200954057 /* Resources */ = {
			isa = PBXResourcesBuildPhase;
			buildActionMask = 2147483647;
			files = (
				3A372B9E2AB34A5400954057 /* LaunchScreen.storyboard in Resources */,
				3A372B9B2AB34A5400954057 /* Assets.xcassets in Resources */,
				3A372BB42AB3528A00954057 /* Rasa - Под фонарём.mp3 in Resources */,
				3A372BB52AB3528A00954057 /* Нурминский - Валим.mp3 in Resources */,
				3A372BB22AB3528A00954057 /* Rauf & Faik, NILETTO - Если тебе будет грустно.mp3 in Resources */,
				3A372BB12AB3528A00954057 /* Ваня Дмитриенко - Венера-Юпитер.mp3 in Resources */,
				3A372BB02AB3528A00954057 /* Rakhim - Синий Lamborghini.mp3 in Resources */,
				3A372B992AB34A5200954057 /* Main.storyboard in Resources */,
				3A372BB32AB3528A00954057 /* Нурминский - Валим.mov in Resources */,
			);
			runOnlyForDeploymentPostprocessing = 0;
		};
/* End PBXResourcesBuildPhase section */

/* Begin PBXSourcesBuildPhase section */
		3A372B8A2AB34A5200954057 /* Sources */ = {
			isa = PBXSourcesBuildPhase;
			buildActionMask = 2147483647;
			files = (
				3A372B922AB34A5200954057 /* AppDelegate.swift in Sources */,
				3A372B942AB34A5200954057 /* SceneDelegate.swift in Sources */,
				3AAA67FF2AC0504B00E14684 /* PlayTrackViewController.swift in Sources */,
				3A372BB82AB3534400954057 /* TrackListTableViewController.swift in Sources */,
				3A372BBE2AB35C8500954057 /* DataSource.swift in Sources */,
				3A372BBB2AB35BEA00954057 /* Track.swift in Sources */,
			);
			runOnlyForDeploymentPostprocessing = 0;
		};
/* End PBXSourcesBuildPhase section */

/* Begin PBXVariantGroup section */
		3A372B972AB34A5200954057 /* Main.storyboard */ = {
			isa = PBXVariantGroup;
			children = (
				3A372B982AB34A5200954057 /* Base */,
			);
			name = Main.storyboard;
			sourceTree = "<group>";
		};
		3A372B9C2AB34A5400954057 /* LaunchScreen.storyboard */ = {
			isa = PBXVariantGroup;
			children = (
				3A372B9D2AB34A5400954057 /* Base */,
			);
			name = LaunchScreen.storyboard;
			sourceTree = "<group>";
		};
/* End PBXVariantGroup section */

/* Begin XCBuildConfiguration section */
		3A372BA02AB34A5400954057 /* Debug */ = {
			isa = XCBuildConfiguration;
			buildSettings = {
				ALWAYS_SEARCH_USER_PATHS = NO;
				CLANG_ANALYZER_NONNULL = YES;
				CLANG_ANALYZER_NUMBER_OBJECT_CONVERSION = YES_AGGRESSIVE;
				CLANG_CXX_LANGUAGE_STANDARD = "gnu++20";
				CLANG_ENABLE_MODULES = YES;
				CLANG_ENABLE_OBJC_ARC = YES;
				CLANG_ENABLE_OBJC_WEAK = YES;
				CLANG_WARN_BLOCK_CAPTURE_AUTORELEASING = YES;
				CLANG_WARN_BOOL_CONVERSION = YES;
				CLANG_WARN_COMMA = YES;
				CLANG_WARN_CONSTANT_CONVERSION = YES;
				CLANG_WARN_DEPRECATED_OBJC_IMPLEMENTATIONS = YES;
				CLANG_WARN_DIRECT_OBJC_ISA_USAGE = YES_ERROR;
				CLANG_WARN_DOCUMENTATION_COMMENTS = YES;
				CLANG_WARN_EMPTY_BODY = YES;
				CLANG_WARN_ENUM_CONVERSION = YES;
				CLANG_WARN_INFINITE_RECURSION = YES;
				CLANG_WARN_INT_CONVERSION = YES;
				CLANG_WARN_NON_LITERAL_NULL_CONVERSION = YES;
				CLANG_WARN_OBJC_IMPLICIT_RETAIN_SELF = YES;
				CLANG_WARN_OBJC_LITERAL_CONVERSION = YES;
				CLANG_WARN_OBJC_ROOT_CLASS = YES_ERROR;
				CLANG_WARN_QUOTED_INCLUDE_IN_FRAMEWORK_HEADER = YES;
				CLANG_WARN_RANGE_LOOP_ANALYSIS = YES;
				CLANG_WARN_STRICT_PROTOTYPES = YES;
				CLANG_WARN_SUSPICIOUS_MOVE = YES;
				CLANG_WARN_UNGUARDED_AVAILABILITY = YES_AGGRESSIVE;
				CLANG_WARN_UNREACHABLE_CODE = YES;
				CLANG_WARN__DUPLICATE_METHOD_MATCH = YES;
				COPY_PHASE_STRIP = NO;
				DEBUG_INFORMATION_FORMAT = dwarf;
				ENABLE_STRICT_OBJC_MSGSEND = YES;
				ENABLE_TESTABILITY = YES;
				GCC_C_LANGUAGE_STANDARD = gnu11;
				GCC_DYNAMIC_NO_PIC = NO;
				GCC_NO_COMMON_BLOCKS = YES;
				GCC_OPTIMIZATION_LEVEL = 0;
				GCC_PREPROCESSOR_DEFINITIONS = (
					"DEBUG=1",
					"$(inherited)",
				);
				GCC_WARN_64_TO_32_BIT_CONVERSION = YES;
				GCC_WARN_ABOUT_RETURN_TYPE = YES_ERROR;
				GCC_WARN_UNDECLARED_SELECTOR = YES;
				GCC_WARN_UNINITIALIZED_AUTOS = YES_AGGRESSIVE;
				GCC_WARN_UNUSED_FUNCTION = YES;
				GCC_WARN_UNUSED_VARIABLE = YES;
				IPHONEOS_DEPLOYMENT_TARGET = 15.0;
				MTL_ENABLE_DEBUG_INFO = INCLUDE_SOURCE;
				MTL_FAST_MATH = YES;
				ONLY_ACTIVE_ARCH = YES;
				SDKROOT = iphoneos;
				SWIFT_ACTIVE_COMPILATION_CONDITIONS = DEBUG;
				SWIFT_OPTIMIZATION_LEVEL = "-Onone";
			};
			name = Debug;
		};
		3A372BA12AB34A5400954057 /* Release */ = {
			isa = XCBuildConfiguration;
			buildSettings = {
				ALWAYS_SEARCH_USER_PATHS = NO;
				CLANG_ANALYZER_NONNULL = YES;
				CLANG_ANALYZER_NUMBER_OBJECT_CONVERSION = YES_AGGRESSIVE;
				CLANG_CXX_LANGUAGE_STANDARD = "gnu++20";
				CLANG_ENABLE_MODULES = YES;
				CLANG_ENABLE_OBJC_ARC = YES;
				CLANG_ENABLE_OBJC_WEAK = YES;
				CLANG_WARN_BLOCK_CAPTURE_AUTORELEASING = YES;
				CLANG_WARN_BOOL_CONVERSION = YES;
				CLANG_WARN_COMMA = YES;
				CLANG_WARN_CONSTANT_CONVERSION = YES;
				CLANG_WARN_DEPRECATED_OBJC_IMPLEMENTATIONS = YES;
				CLANG_WARN_DIRECT_OBJC_ISA_USAGE = YES_ERROR;
				CLANG_WARN_DOCUMENTATION_COMMENTS = YES;
				CLANG_WARN_EMPTY_BODY = YES;
				CLANG_WARN_ENUM_CONVERSION = YES;
				CLANG_WARN_INFINITE_RECURSION = YES;
				CLANG_WARN_INT_CONVERSION = YES;
				CLANG_WARN_NON_LITERAL_NULL_CONVERSION = YES;
				CLANG_WARN_OBJC_IMPLICIT_RETAIN_SELF = YES;
				CLANG_WARN_OBJC_LITERAL_CONVERSION = YES;
				CLANG_WARN_OBJC_ROOT_CLASS = YES_ERROR;
				CLANG_WARN_QUOTED_INCLUDE_IN_FRAMEWORK_HEADER = YES;
				CLANG_WARN_RANGE_LOOP_ANALYSIS = YES;
				CLANG_WARN_STRICT_PROTOTYPES = YES;
				CLANG_WARN_SUSPICIOUS_MOVE = YES;
				CLANG_WARN_UNGUARDED_AVAILABILITY = YES_AGGRESSIVE;
				CLANG_WARN_UNREACHABLE_CODE = YES;
				CLANG_WARN__DUPLICATE_METHOD_MATCH = YES;
				COPY_PHASE_STRIP = NO;
				DEBUG_INFORMATION_FORMAT = "dwarf-with-dsym";
				ENABLE_NS_ASSERTIONS = NO;
				ENABLE_STRICT_OBJC_MSGSEND = YES;
				GCC_C_LANGUAGE_STANDARD = gnu11;
				GCC_NO_COMMON_BLOCKS = YES;
				GCC_WARN_64_TO_32_BIT_CONVERSION = YES;
				GCC_WARN_ABOUT_RETURN_TYPE = YES_ERROR;
				GCC_WARN_UNDECLARED_SELECTOR = YES;
				GCC_WARN_UNINITIALIZED_AUTOS = YES_AGGRESSIVE;
				GCC_WARN_UNUSED_FUNCTION = YES;
				GCC_WARN_UNUSED_VARIABLE = YES;
				IPHONEOS_DEPLOYMENT_TARGET = 15.0;
				MTL_ENABLE_DEBUG_INFO = NO;
				MTL_FAST_MATH = YES;
				SDKROOT = iphoneos;
				SWIFT_COMPILATION_MODE = wholemodule;
				SWIFT_OPTIMIZATION_LEVEL = "-O";
				VALIDATE_PRODUCT = YES;
			};
			name = Release;
		};
		3A372BA32AB34A5400954057 /* Debug */ = {
			isa = XCBuildConfiguration;
			buildSettings = {
				ASSETCATALOG_COMPILER_APPICON_NAME = AppIcon;
				ASSETCATALOG_COMPILER_GLOBAL_ACCENT_COLOR_NAME = AccentColor;
				CODE_SIGN_STYLE = Automatic;
				CURRENT_PROJECT_VERSION = 1;
				DEVELOPMENT_TEAM = XMRMHLG4UV;
				GENERATE_INFOPLIST_FILE = YES;
				INFOPLIST_FILE = PlayerApp/SupportFiles/Info.plist;
				INFOPLIST_KEY_CFBundleDisplayName = "Player App";
				INFOPLIST_KEY_UIApplicationSupportsIndirectInputEvents = YES;
				INFOPLIST_KEY_UILaunchStoryboardName = LaunchScreen;
				INFOPLIST_KEY_UIMainStoryboardFile = Main;
				INFOPLIST_KEY_UISupportedInterfaceOrientations = UIInterfaceOrientationPortrait;
				INFOPLIST_KEY_UISupportedInterfaceOrientations_iPad = "UIInterfaceOrientationLandscapeLeft UIInterfaceOrientationLandscapeRight UIInterfaceOrientationPortrait UIInterfaceOrientationPortraitUpsideDown";
				LD_RUNPATH_SEARCH_PATHS = (
					"$(inherited)",
					"@executable_path/Frameworks",
				);
				MARKETING_VERSION = 1.0;
				PRODUCT_BUNDLE_IDENTIFIER = com.sergeyruppel.PlayerApp;
				PRODUCT_NAME = "$(TARGET_NAME)";
				SUPPORTED_PLATFORMS = "iphoneos iphonesimulator";
				SUPPORTS_MACCATALYST = NO;
				SUPPORTS_MAC_DESIGNED_FOR_IPHONE_IPAD = NO;
				SWIFT_EMIT_LOC_STRINGS = YES;
				SWIFT_VERSION = 5.0;
				TARGETED_DEVICE_FAMILY = 1;
			};
			name = Debug;
		};
		3A372BA42AB34A5400954057 /* Release */ = {
			isa = XCBuildConfiguration;
			buildSettings = {
				ASSETCATALOG_COMPILER_APPICON_NAME = AppIcon;
				ASSETCATALOG_COMPILER_GLOBAL_ACCENT_COLOR_NAME = AccentColor;
				CODE_SIGN_STYLE = Automatic;
				CURRENT_PROJECT_VERSION = 1;
				DEVELOPMENT_TEAM = XMRMHLG4UV;
				GENERATE_INFOPLIST_FILE = YES;
				INFOPLIST_FILE = PlayerApp/SupportFiles/Info.plist;
				INFOPLIST_KEY_CFBundleDisplayName = "Player App";
				INFOPLIST_KEY_UIApplicationSupportsIndirectInputEvents = YES;
				INFOPLIST_KEY_UILaunchStoryboardName = LaunchScreen;
				INFOPLIST_KEY_UIMainStoryboardFile = Main;
				INFOPLIST_KEY_UISupportedInterfaceOrientations = UIInterfaceOrientationPortrait;
				INFOPLIST_KEY_UISupportedInterfaceOrientations_iPad = "UIInterfaceOrientationLandscapeLeft UIInterfaceOrientationLandscapeRight UIInterfaceOrientationPortrait UIInterfaceOrientationPortraitUpsideDown";
				LD_RUNPATH_SEARCH_PATHS = (
					"$(inherited)",
					"@executable_path/Frameworks",
				);
				MARKETING_VERSION = 1.0;
				PRODUCT_BUNDLE_IDENTIFIER = com.sergeyruppel.PlayerApp;
				PRODUCT_NAME = "$(TARGET_NAME)";
				SUPPORTED_PLATFORMS = "iphoneos iphonesimulator";
				SUPPORTS_MACCATALYST = NO;
				SUPPORTS_MAC_DESIGNED_FOR_IPHONE_IPAD = NO;
				SWIFT_EMIT_LOC_STRINGS = YES;
				SWIFT_VERSION = 5.0;
				TARGETED_DEVICE_FAMILY = 1;
			};
			name = Release;
		};
/* End XCBuildConfiguration section */

/* Begin XCConfigurationList section */
		3A372B892AB34A5200954057 /* Build configuration list for PBXProject "PlayerApp" */ = {
			isa = XCConfigurationList;
			buildConfigurations = (
				3A372BA02AB34A5400954057 /* Debug */,
				3A372BA12AB34A5400954057 /* Release */,
			);
			defaultConfigurationIsVisible = 0;
			defaultConfigurationName = Release;
		};
		3A372BA22AB34A5400954057 /* Build configuration list for PBXNativeTarget "PlayerApp" */ = {
			isa = XCConfigurationList;
			buildConfigurations = (
				3A372BA32AB34A5400954057 /* Debug */,
				3A372BA42AB34A5400954057 /* Release */,
			);
			defaultConfigurationIsVisible = 0;
			defaultConfigurationName = Release;
		};
/* End XCConfigurationList section */
	};
	rootObject = 3A372B862AB34A5200954057 /* Project object */;
}
